
Microsoft Visual Studio Solution File, Format Version 12.00
# Visual Studio Version 16
VisualStudioVersion = 16.0.31313.79
MinimumVisualStudioVersion = 10.0.40219.1
Project("{8BC9CEB8-8B4A-11D0-8D11-00A0C91BC942}") = "Exam", "Exam\Exam.vcxproj", "{645FF8BB-F005-41C0-8553-F7F4E03538FA}"
EndProject
Global
	GlobalSection(SolutionConfigurationPlatforms) = preSolution
		Debug|x64 = Debug|x64
		Debug|x86 = Debug|x86
		Release|x64 = Release|x64
		Release|x86 = Release|x86
	EndGlobalSection
	GlobalSection(ProjectConfigurationPlatforms) = postSolution
		{645FF8BB-F005-41C0-8553-F7F4E03538FA}.Debug|x64.ActiveCfg = Debug|x64
		{645FF8BB-F005-41C0-8553-F7F4E03538FA}.Debug|x64.Build.0 = Debug|x64
		{645FF8BB-F005-41C0-8553-F7F4E03538FA}.Debug|x86.ActiveCfg = Debug|Win32
		{645FF8BB-F005-41C0-8553-F7F4E03538FA}.Debug|x86.Build.0 = Debug|Win32
		{645FF8BB-F005-41C0-8553-F7F4E03538FA}.Release|x64.ActiveCfg = Release|x64
		{645FF8BB-F005-41C0-8553-F7F4E03538FA}.Release|x64.Build.0 = Release|x64
		{645FF8BB-F005-41C0-8553-F7F4E03538FA}.Release|x86.ActiveCfg = Release|Win32
		{645FF8BB-F005-41C0-8553-F7F4E03538FA}.Release|x86.Build.0 = Release|Win32
	EndGlobalSection
	GlobalSection(SolutionProperties) = preSolution
		HideSolutionNode = FALSE
	EndGlobalSection
	GlobalSection(ExtensibilityGlobals) = postSolution
		SolutionGuid = {E79A312B-48F9-47EC-A175-E504E9998CE5}
	EndGlobalSection
EndGlobal
